
Microsoft Visual Studio Solution File, Format Version 12.00
Project("{FAE04EC0-301F-11D3-BF4B-00C04F79EFBC}") = "bg3pak", "bg3pak\bg3pak.csproj", "{2698EE3B-089E-4D7C-8381-E419CAFF21EF}"
EndProject
Project("{FAE04EC0-301F-11D3-BF4B-00C04F79EFBC}") = "bg3pak", "bg3pak.csproj", "{375BE076-1E8B-489F-B726-101CEC0FF2E1}"
EndProject
Global
	GlobalSection(SolutionConfigurationPlatforms) = preSolution
		Debug|Any CPU = Debug|Any CPU
		Release|Any CPU = Release|Any CPU
	EndGlobalSection
	GlobalSection(ProjectConfigurationPlatforms) = postSolution
		{2698EE3B-089E-4D7C-8381-E419CAFF21EF}.Debug|Any CPU.ActiveCfg = Debug|Any CPU
		{2698EE3B-089E-4D7C-8381-E419CAFF21EF}.Debug|Any CPU.Build.0 = Debug|Any CPU
		{2698EE3B-089E-4D7C-8381-E419CAFF21EF}.Release|Any CPU.ActiveCfg = Release|Any CPU
		{2698EE3B-089E-4D7C-8381-E419CAFF21EF}.Release|Any CPU.Build.0 = Release|Any CPU
		{375BE076-1E8B-489F-B726-101CEC0FF2E1}.Debug|Any CPU.ActiveCfg = Debug|Any CPU
		{375BE076-1E8B-489F-B726-101CEC0FF2E1}.Debug|Any CPU.Build.0 = Debug|Any CPU
		{375BE076-1E8B-489F-B726-101CEC0FF2E1}.Release|Any CPU.ActiveCfg = Release|Any CPU
		{375BE076-1E8B-489F-B726-101CEC0FF2E1}.Release|Any CPU.Build.0 = Release|Any CPU
	EndGlobalSection
EndGlobal
